
Microsoft Visual Studio Solution File, Format Version 12.00
# Visual Studio Version 17
VisualStudioVersion = 17.5.33627.172
MinimumVisualStudioVersion = 10.0.40219.1
Project("{FAE04EC0-301F-11D3-BF4B-00C04F79EFBC}") = "SignageliveAPI", "SignageliveAPI\SignageliveAPI.csproj", "{75044B34-0ABA-4C4E-B257-28606C329B3C}"
EndProject
Global
	GlobalSection(SolutionConfigurationPlatforms) = preSolution
		Debug|Any CPU = Debug|Any CPU
		Release|Any CPU = Release|Any CPU
	EndGlobalSection
	GlobalSection(ProjectConfigurationPlatforms) = postSolution
		{75044B34-0ABA-4C4E-B257-28606C329B3C}.Debug|Any CPU.ActiveCfg = Debug|Any CPU
		{75044B34-0ABA-4C4E-B257-28606C329B3C}.Debug|Any CPU.Build.0 = Debug|Any CPU
		{75044B34-0ABA-4C4E-B257-28606C329B3C}.Release|Any CPU.ActiveCfg = Release|Any CPU
		{75044B34-0ABA-4C4E-B257-28606C329B3C}.Release|Any CPU.Build.0 = Release|Any CPU
	EndGlobalSection
	GlobalSection(SolutionProperties) = preSolution
		HideSolutionNode = FALSE
	EndGlobalSection
	GlobalSection(ExtensibilityGlobals) = postSolution
		SolutionGuid = {D969B162-7EBB-4912-9557-8CC900F937DA}
	EndGlobalSection
EndGlobal
